// !$*UTF8*$!
{
	archiveVersion = 1;
	classes = {
	};
	objectVersion = 50;
	objects = {

/* Begin PBXBuildFile section */
		8B0C489426B0E3FC00BAFAD9 /* AppDelegate.swift in Sources */ = {isa = PBXBuildFile; fileRef = 8B0C489326B0E3FC00BAFAD9 /* AppDelegate.swift */; };
		8B0C489626B0E3FC00BAFAD9 /* SceneDelegate.swift in Sources */ = {isa = PBXBuildFile; fileRef = 8B0C489526B0E3FC00BAFAD9 /* SceneDelegate.swift */; };
		8B0C489826B0E3FC00BAFAD9 /* ViewController.swift in Sources */ = {isa = PBXBuildFile; fileRef = 8B0C489726B0E3FC00BAFAD9 /* ViewController.swift */; };
		8B0C489B26B0E3FC00BAFAD9 /* Main.storyboard in Resources */ = {isa = PBXBuildFile; fileRef = 8B0C489926B0E3FC00BAFAD9 /* Main.storyboard */; };
		8B0C489D26B0E40100BAFAD9 /* Assets.xcassets in Resources */ = {isa = PBXBuildFile; fileRef = 8B0C489C26B0E40100BAFAD9 /* Assets.xcassets */; };
		8B0C48A026B0E40100BAFAD9 /* LaunchScreen.storyboard in Resources */ = {isa = PBXBuildFile; fileRef = 8B0C489E26B0E40100BAFAD9 /* LaunchScreen.storyboard */; };
		8B0C48A926B0E7C100BAFAD9 /* WAV_example.wav in Resources */ = {isa = PBXBuildFile; fileRef = 8B0C48A826B0E7C100BAFAD9 /* WAV_example.wav */; };
		8B0C48AE26B0EDBE00BAFAD9 /* playButtonCircle.png in Resources */ = {isa = PBXBuildFile; fileRef = 8B0C48AD26B0EDBE00BAFAD9 /* playButtonCircle.png */; };
		8B0C48B026B0EEC200BAFAD9 /* pauseButtonCircle.png in Resources */ = {isa = PBXBuildFile; fileRef = 8B0C48AF26B0EEC200BAFAD9 /* pauseButtonCircle.png */; };
		8B0C48B326B10F7000BAFAD9 /* stopRecordButton.png in Resources */ = {isa = PBXBuildFile; fileRef = 8B0C48B126B10F7000BAFAD9 /* stopRecordButton.png */; };
		8B0C48B426B10F7000BAFAD9 /* recordButton.png in Resources */ = {isa = PBXBuildFile; fileRef = 8B0C48B226B10F7000BAFAD9 /* recordButton.png */; };
		8B0C48B626B11DE500BAFAD9 /* forwardButton.png in Resources */ = {isa = PBXBuildFile; fileRef = 8B0C48B526B11DE500BAFAD9 /* forwardButton.png */; };
		8B0C48B826B11DEA00BAFAD9 /* backwardButton.png in Resources */ = {isa = PBXBuildFile; fileRef = 8B0C48B726B11DEA00BAFAD9 /* backwardButton.png */; };
		8B0C48BE26B121C500BAFAD9 /* trashButton.png in Resources */ = {isa = PBXBuildFile; fileRef = 8B0C48BD26B121C500BAFAD9 /* trashButton.png */; };
		8B0C48C026B12D0300BAFAD9 /* micButton.png in Resources */ = {isa = PBXBuildFile; fileRef = 8B0C48BF26B12D0300BAFAD9 /* micButton.png */; };
/* End PBXBuildFile section */

/* Begin PBXFileReference section */
		8B0C489026B0E3FC00BAFAD9 /* SwiftWAVPlayer.app */ = {isa = PBXFileReference; explicitFileType = wrapper.application; includeInIndex = 0; path = SwiftWAVPlayer.app; sourceTree = BUILT_PRODUCTS_DIR; };
		8B0C489326B0E3FC00BAFAD9 /* AppDelegate.swift */ = {isa = PBXFileReference; lastKnownFileType = sourcecode.swift; path = AppDelegate.swift; sourceTree = "<group>"; };
		8B0C489526B0E3FC00BAFAD9 /* SceneDelegate.swift */ = {isa = PBXFileReference; lastKnownFileType = sourcecode.swift; path = SceneDelegate.swift; sourceTree = "<group>"; };
		8B0C489726B0E3FC00BAFAD9 /* ViewController.swift */ = {isa = PBXFileReference; lastKnownFileType = sourcecode.swift; path = ViewController.swift; sourceTree = "<group>"; };
		8B0C489A26B0E3FC00BAFAD9 /* Base */ = {isa = PBXFileReference; lastKnownFileType = file.storyboard; name = Base; path = Base.lproj/Main.storyboard; sourceTree = "<group>"; };
		8B0C489C26B0E40100BAFAD9 /* Assets.xcassets */ = {isa = PBXFileReference; lastKnownFileType = folder.assetcatalog; path = Assets.xcassets; sourceTree = "<group>"; };
		8B0C489F26B0E40100BAFAD9 /* Base */ = {isa = PBXFileReference; lastKnownFileType = file.storyboard; name = Base; path = Base.lproj/LaunchScreen.storyboard; sourceTree = "<group>"; };
		8B0C48A126B0E40100BAFAD9 /* Info.plist */ = {isa = PBXFileReference; lastKnownFileType = text.plist.xml; path = Info.plist; sourceTree = "<group>"; };
		8B0C48A826B0E7C100BAFAD9 /* WAV_example.wav */ = {isa = PBXFileReference; lastKnownFileType = audio.wav; path = WAV_example.wav; sourceTree = "<group>"; };
		8B0C48AD26B0EDBE00BAFAD9 /* playButtonCircle.png */ = {isa = PBXFileReference; lastKnownFileType = image.png; path = playButtonCircle.png; sourceTree = "<group>"; };
		8B0C48AF26B0EEC200BAFAD9 /* pauseButtonCircle.png */ = {isa = PBXFileReference; lastKnownFileType = image.png; path = pauseButtonCircle.png; sourceTree = "<group>"; };
		8B0C48B126B10F7000BAFAD9 /* stopRecordButton.png */ = {isa = PBXFileReference; lastKnownFileType = image.png; path = stopRecordButton.png; sourceTree = "<group>"; };
		8B0C48B226B10F7000BAFAD9 /* recordButton.png */ = {isa = PBXFileReference; lastKnownFileType = image.png; path = recordButton.png; sourceTree = "<group>"; };
		8B0C48B526B11DE500BAFAD9 /* forwardButton.png */ = {isa = PBXFileReference; lastKnownFileType = image.png; path = forwardButton.png; sourceTree = "<group>"; };
		8B0C48B726B11DEA00BAFAD9 /* backwardButton.png */ = {isa = PBXFileReference; lastKnownFileType = image.png; path = backwardButton.png; sourceTree = "<group>"; };
		8B0C48BD26B121C500BAFAD9 /* trashButton.png */ = {isa = PBXFileReference; lastKnownFileType = image.png; path = trashButton.png; sourceTree = "<group>"; };
		8B0C48BF26B12D0300BAFAD9 /* micButton.png */ = {isa = PBXFileReference; lastKnownFileType = image.png; path = micButton.png; sourceTree = "<group>"; };
/* End PBXFileReference section */

/* Begin PBXFrameworksBuildPhase section */
		8B0C488D26B0E3FB00BAFAD9 /* Frameworks */ = {
			isa = PBXFrameworksBuildPhase;
			buildActionMask = 2147483647;
			files = (
			);
			runOnlyForDeploymentPostprocessing = 0;
		};
/* End PBXFrameworksBuildPhase section */

/* Begin PBXGroup section */
		8B0C488726B0E3FB00BAFAD9 = {
			isa = PBXGroup;
			children = (
				8B0C48AA26B0EA5400BAFAD9 /* Image */,
				8B0C48A726B0E7B200BAFAD9 /* Sound */,
				8B0C489226B0E3FC00BAFAD9 /* SwiftWAVPlayer */,
				8B0C489126B0E3FC00BAFAD9 /* Products */,
			);
			sourceTree = "<group>";
		};
		8B0C489126B0E3FC00BAFAD9 /* Products */ = {
			isa = PBXGroup;
			children = (
				8B0C489026B0E3FC00BAFAD9 /* SwiftWAVPlayer.app */,
			);
			name = Products;
			sourceTree = "<group>";
		};
		8B0C489226B0E3FC00BAFAD9 /* SwiftWAVPlayer */ = {
			isa = PBXGroup;
			children = (
				8B0C489326B0E3FC00BAFAD9 /* AppDelegate.swift */,
				8B0C489526B0E3FC00BAFAD9 /* SceneDelegate.swift */,
				8B0C489726B0E3FC00BAFAD9 /* ViewController.swift */,
				8B0C489926B0E3FC00BAFAD9 /* Main.storyboard */,
				8B0C489C26B0E40100BAFAD9 /* Assets.xcassets */,
				8B0C489E26B0E40100BAFAD9 /* LaunchScreen.storyboard */,
				8B0C48A126B0E40100BAFAD9 /* Info.plist */,
			);
			path = SwiftWAVPlayer;
			sourceTree = "<group>";
		};
		8B0C48A726B0E7B200BAFAD9 /* Sound */ = {
			isa = PBXGroup;
			children = (
				8B0C48A826B0E7C100BAFAD9 /* WAV_example.wav */,
			);
			path = Sound;
			sourceTree = "<group>";
		};
		8B0C48AA26B0EA5400BAFAD9 /* Image */ = {
			isa = PBXGroup;
			children = (
				8B0C48AD26B0EDBE00BAFAD9 /* playButtonCircle.png */,
				8B0C48AF26B0EEC200BAFAD9 /* pauseButtonCircle.png */,
				8B0C48B726B11DEA00BAFAD9 /* backwardButton.png */,
				8B0C48BD26B121C500BAFAD9 /* trashButton.png */,
				8B0C48B226B10F7000BAFAD9 /* recordButton.png */,
				8B0C48BF26B12D0300BAFAD9 /* micButton.png */,
				8B0C48B526B11DE500BAFAD9 /* forwardButton.png */,
				8B0C48B126B10F7000BAFAD9 /* stopRecordButton.png */,
			);
			path = Image;
			sourceTree = "<group>";
		};
/* End PBXGroup section */

/* Begin PBXNativeTarget section */
		8B0C488F26B0E3FB00BAFAD9 /* SwiftWAVPlayer */ = {
			isa = PBXNativeTarget;
			buildConfigurationList = 8B0C48A426B0E40100BAFAD9 /* Build configuration list for PBXNativeTarget "SwiftWAVPlayer" */;
			buildPhases = (
				8B0C488C26B0E3FB00BAFAD9 /* Sources */,
				8B0C488D26B0E3FB00BAFAD9 /* Frameworks */,
				8B0C488E26B0E3FB00BAFAD9 /* Resources */,
			);
			buildRules = (
			);
			dependencies = (
			);
			name = SwiftWAVPlayer;
			productName = SwiftWAVPlayer;
			productReference = 8B0C489026B0E3FC00BAFAD9 /* SwiftWAVPlayer.app */;
			productType = "com.apple.product-type.application";
		};
/* End PBXNativeTarget section */

/* Begin PBXProject section */
		8B0C488826B0E3FB00BAFAD9 /* Project object */ = {
			isa = PBXProject;
			attributes = {
				LastSwiftUpdateCheck = 1250;
				LastUpgradeCheck = 1250;
				TargetAttributes = {
					8B0C488F26B0E3FB00BAFAD9 = {
						CreatedOnToolsVersion = 12.5;
					};
				};
			};
			buildConfigurationList = 8B0C488B26B0E3FB00BAFAD9 /* Build configuration list for PBXProject "SwiftWAVPlayer" */;
			compatibilityVersion = "Xcode 9.3";
			developmentRegion = en;
			hasScannedForEncodings = 0;
			knownRegions = (
				en,
				Base,
			);
			mainGroup = 8B0C488726B0E3FB00BAFAD9;
			productRefGroup = 8B0C489126B0E3FC00BAFAD9 /* Products */;
			projectDirPath = "";
			projectRoot = "";
			targets = (
				8B0C488F26B0E3FB00BAFAD9 /* SwiftWAVPlayer */,
			);
		};
/* End PBXProject section */

/* Begin PBXResourcesBuildPhase section */
		8B0C488E26B0E3FB00BAFAD9 /* Resources */ = {
			isa = PBXResourcesBuildPhase;
			buildActionMask = 2147483647;
			files = (
				8B0C48B826B11DEA00BAFAD9 /* backwardButton.png in Resources */,
				8B0C48C026B12D0300BAFAD9 /* micButton.png in Resources */,
				8B0C48B026B0EEC200BAFAD9 /* pauseButtonCircle.png in Resources */,
				8B0C48A026B0E40100BAFAD9 /* LaunchScreen.storyboard in Resources */,
				8B0C48B626B11DE500BAFAD9 /* forwardButton.png in Resources */,
				8B0C48B326B10F7000BAFAD9 /* stopRecordButton.png in Resources */,
				8B0C48BE26B121C500BAFAD9 /* trashButton.png in Resources */,
				8B0C48A926B0E7C100BAFAD9 /* WAV_example.wav in Resources */,
				8B0C489D26B0E40100BAFAD9 /* Assets.xcassets in Resources */,
				8B0C48AE26B0EDBE00BAFAD9 /* playButtonCircle.png in Resources */,
				8B0C48B426B10F7000BAFAD9 /* recordButton.png in Resources */,
				8B0C489B26B0E3FC00BAFAD9 /* Main.storyboard in Resources */,
			);
			runOnlyForDeploymentPostprocessing = 0;
		};
/* End PBXResourcesBuildPhase section */

/* Begin PBXSourcesBuildPhase section */
		8B0C488C26B0E3FB00BAFAD9 /* Sources */ = {
			isa = PBXSourcesBuildPhase;
			buildActionMask = 2147483647;
			files = (
				8B0C489826B0E3FC00BAFAD9 /* ViewController.swift in Sources */,
				8B0C489426B0E3FC00BAFAD9 /* AppDelegate.swift in Sources */,
				8B0C489626B0E3FC00BAFAD9 /* SceneDelegate.swift in Sources */,
			);
			runOnlyForDeploymentPostprocessing = 0;
		};
/* End PBXSourcesBuildPhase section */

/* Begin PBXVariantGroup section */
		8B0C489926B0E3FC00BAFAD9 /* Main.storyboard */ = {
			isa = PBXVariantGroup;
			children = (
				8B0C489A26B0E3FC00BAFAD9 /* Base */,
			);
			name = Main.storyboard;
			sourceTree = "<group>";
		};
		8B0C489E26B0E40100BAFAD9 /* LaunchScreen.storyboard */ = {
			isa = PBXVariantGroup;
			children = (
				8B0C489F26B0E40100BAFAD9 /* Base */,
			);
			name = LaunchScreen.storyboard;
			sourceTree = "<group>";
		};
/* End PBXVariantGroup section */

/* Begin XCBuildConfiguration section */
		8B0C48A226B0E40100BAFAD9 /* Debug */ = {
			isa = XCBuildConfiguration;
			buildSettings = {
				ALWAYS_SEARCH_USER_PATHS = NO;
				CLANG_ANALYZER_NONNULL = YES;
				CLANG_ANALYZER_NUMBER_OBJECT_CONVERSION = YES_AGGRESSIVE;
				CLANG_CXX_LANGUAGE_STANDARD = "gnu++14";
				CLANG_CXX_LIBRARY = "libc++";
				CLANG_ENABLE_MODULES = YES;
				CLANG_ENABLE_OBJC_ARC = YES;
				CLANG_ENABLE_OBJC_WEAK = YES;
				CLANG_WARN_BLOCK_CAPTURE_AUTORELEASING = YES;
				CLANG_WARN_BOOL_CONVERSION = YES;
				CLANG_WARN_COMMA = YES;
				CLANG_WARN_CONSTANT_CONVERSION = YES;
				CLANG_WARN_DEPRECATED_OBJC_IMPLEMENTATIONS = YES;
				CLANG_WARN_DIRECT_OBJC_ISA_USAGE = YES_ERROR;
				CLANG_WARN_DOCUMENTATION_COMMENTS = YES;
				CLANG_WARN_EMPTY_BODY = YES;
				CLANG_WARN_ENUM_CONVERSION = YES;
				CLANG_WARN_INFINITE_RECURSION = YES;
				CLANG_WARN_INT_CONVERSION = YES;
				CLANG_WARN_NON_LITERAL_NULL_CONVERSION = YES;
				CLANG_WARN_OBJC_IMPLICIT_RETAIN_SELF = YES;
				CLANG_WARN_OBJC_LITERAL_CONVERSION = YES;
				CLANG_WARN_OBJC_ROOT_CLASS = YES_ERROR;
				CLANG_WARN_QUOTED_INCLUDE_IN_FRAMEWORK_HEADER = YES;
				CLANG_WARN_RANGE_LOOP_ANALYSIS = YES;
				CLANG_WARN_STRICT_PROTOTYPES = YES;
				CLANG_WARN_SUSPICIOUS_MOVE = YES;
				CLANG_WARN_UNGUARDED_AVAILABILITY = YES_AGGRESSIVE;
				CLANG_WARN_UNREACHABLE_CODE = YES;
				CLANG_WARN__DUPLICATE_METHOD_MATCH = YES;
				COPY_PHASE_STRIP = NO;
				DEBUG_INFORMATION_FORMAT = dwarf;
				ENABLE_STRICT_OBJC_MSGSEND = YES;
				ENABLE_TESTABILITY = YES;
				GCC_C_LANGUAGE_STANDARD = gnu11;
				GCC_DYNAMIC_NO_PIC = NO;
				GCC_NO_COMMON_BLOCKS = YES;
				GCC_OPTIMIZATION_LEVEL = 0;
				GCC_PREPROCESSOR_DEFINITIONS = (
					"DEBUG=1",
					"$(inherited)",
				);
				GCC_WARN_64_TO_32_BIT_CONVERSION = YES;
				GCC_WARN_ABOUT_RETURN_TYPE = YES_ERROR;
				GCC_WARN_UNDECLARED_SELECTOR = YES;
				GCC_WARN_UNINITIALIZED_AUTOS = YES_AGGRESSIVE;
				GCC_WARN_UNUSED_FUNCTION = YES;
				GCC_WARN_UNUSED_VARIABLE = YES;
				IPHONEOS_DEPLOYMENT_TARGET = 14.5;
				MTL_ENABLE_DEBUG_INFO = INCLUDE_SOURCE;
				MTL_FAST_MATH = YES;
				ONLY_ACTIVE_ARCH = YES;
				SDKROOT = iphoneos;
				SWIFT_ACTIVE_COMPILATION_CONDITIONS = DEBUG;
				SWIFT_OPTIMIZATION_LEVEL = "-Onone";
			};
			name = Debug;
		};
		8B0C48A326B0E40100BAFAD9 /* Release */ = {
			isa = XCBuildConfiguration;
			buildSettings = {
				ALWAYS_SEARCH_USER_PATHS = NO;
				CLANG_ANALYZER_NONNULL = YES;
				CLANG_ANALYZER_NUMBER_OBJECT_CONVERSION = YES_AGGRESSIVE;
				CLANG_CXX_LANGUAGE_STANDARD = "gnu++14";
				CLANG_CXX_LIBRARY = "libc++";
				CLANG_ENABLE_MODULES = YES;
				CLANG_ENABLE_OBJC_ARC = YES;
				CLANG_ENABLE_OBJC_WEAK = YES;
				CLANG_WARN_BLOCK_CAPTURE_AUTORELEASING = YES;
				CLANG_WARN_BOOL_CONVERSION = YES;
				CLANG_WARN_COMMA = YES;
				CLANG_WARN_CONSTANT_CONVERSION = YES;
				CLANG_WARN_DEPRECATED_OBJC_IMPLEMENTATIONS = YES;
				CLANG_WARN_DIRECT_OBJC_ISA_USAGE = YES_ERROR;
				CLANG_WARN_DOCUMENTATION_COMMENTS = YES;
				CLANG_WARN_EMPTY_BODY = YES;
				CLANG_WARN_ENUM_CONVERSION = YES;
				CLANG_WARN_INFINITE_RECURSION = YES;
				CLANG_WARN_INT_CONVERSION = YES;
				CLANG_WARN_NON_LITERAL_NULL_CONVERSION = YES;
				CLANG_WARN_OBJC_IMPLICIT_RETAIN_SELF = YES;
				CLANG_WARN_OBJC_LITERAL_CONVERSION = YES;
				CLANG_WARN_OBJC_ROOT_CLASS = YES_ERROR;
				CLANG_WARN_QUOTED_INCLUDE_IN_FRAMEWORK_HEADER = YES;
				CLANG_WARN_RANGE_LOOP_ANALYSIS = YES;
				CLANG_WARN_STRICT_PROTOTYPES = YES;
				CLANG_WARN_SUSPICIOUS_MOVE = YES;
				CLANG_WARN_UNGUARDED_AVAILABILITY = YES_AGGRESSIVE;
				CLANG_WARN_UNREACHABLE_CODE = YES;
				CLANG_WARN__DUPLICATE_METHOD_MATCH = YES;
				COPY_PHASE_STRIP = NO;
				DEBUG_INFORMATION_FORMAT = "dwarf-with-dsym";
				ENABLE_NS_ASSERTIONS = NO;
				ENABLE_STRICT_OBJC_MSGSEND = YES;
				GCC_C_LANGUAGE_STANDARD = gnu11;
				GCC_NO_COMMON_BLOCKS = YES;
				GCC_WARN_64_TO_32_BIT_CONVERSION = YES;
				GCC_WARN_ABOUT_RETURN_TYPE = YES_ERROR;
				GCC_WARN_UNDECLARED_SELECTOR = YES;
				GCC_WARN_UNINITIALIZED_AUTOS = YES_AGGRESSIVE;
				GCC_WARN_UNUSED_FUNCTION = YES;
				GCC_WARN_UNUSED_VARIABLE = YES;
				IPHONEOS_DEPLOYMENT_TARGET = 14.5;
				MTL_ENABLE_DEBUG_INFO = NO;
				MTL_FAST_MATH = YES;
				SDKROOT = iphoneos;
				SWIFT_COMPILATION_MODE = wholemodule;
				SWIFT_OPTIMIZATION_LEVEL = "-O";
				VALIDATE_PRODUCT = YES;
			};
			name = Release;
		};
		8B0C48A526B0E40100BAFAD9 /* Debug */ = {
			isa = XCBuildConfiguration;
			buildSettings = {
				ASSETCATALOG_COMPILER_APPICON_NAME = AppIcon;
				ASSETCATALOG_COMPILER_GLOBAL_ACCENT_COLOR_NAME = AccentColor;
				CODE_SIGN_STYLE = Automatic;
				DEVELOPMENT_TEAM = M92CLN7T7A;
				INFOPLIST_FILE = SwiftWAVPlayer/Info.plist;
				LD_RUNPATH_SEARCH_PATHS = (
					"$(inherited)",
					"@executable_path/Frameworks",
				);
				PRODUCT_BUNDLE_IDENTIFIER = Test.SwiftWAVPlayer;
				PRODUCT_NAME = "$(TARGET_NAME)";
				SWIFT_VERSION = 5.0;
				TARGETED_DEVICE_FAMILY = "1,2";
			};
			name = Debug;
		};
		8B0C48A626B0E40100BAFAD9 /* Release */ = {
			isa = XCBuildConfiguration;
			buildSettings = {
				ASSETCATALOG_COMPILER_APPICON_NAME = AppIcon;
				ASSETCATALOG_COMPILER_GLOBAL_ACCENT_COLOR_NAME = AccentColor;
				CODE_SIGN_STYLE = Automatic;
				DEVELOPMENT_TEAM = M92CLN7T7A;
				INFOPLIST_FILE = SwiftWAVPlayer/Info.plist;
				LD_RUNPATH_SEARCH_PATHS = (
					"$(inherited)",
					"@executable_path/Frameworks",
				);
				PRODUCT_BUNDLE_IDENTIFIER = Test.SwiftWAVPlayer;
				PRODUCT_NAME = "$(TARGET_NAME)";
				SWIFT_VERSION = 5.0;
				TARGETED_DEVICE_FAMILY = "1,2";
			};
			name = Release;
		};
/* End XCBuildConfiguration section */

/* Begin XCConfigurationList section */
		8B0C488B26B0E3FB00BAFAD9 /* Build configuration list for PBXProject "SwiftWAVPlayer" */ = {
			isa = XCConfigurationList;
			buildConfigurations = (
				8B0C48A226B0E40100BAFAD9 /* Debug */,
				8B0C48A326B0E40100BAFAD9 /* Release */,
			);
			defaultConfigurationIsVisible = 0;
			defaultConfigurationName = Release;
		};
		8B0C48A426B0E40100BAFAD9 /* Build configuration list for PBXNativeTarget "SwiftWAVPlayer" */ = {
			isa = XCConfigurationList;
			buildConfigurations = (
				8B0C48A526B0E40100BAFAD9 /* Debug */,
				8B0C48A626B0E40100BAFAD9 /* Release */,
			);
			defaultConfigurationIsVisible = 0;
			defaultConfigurationName = Release;
		};
/* End XCConfigurationList section */
	};
	rootObject = 8B0C488826B0E3FB00BAFAD9 /* Project object */;
}
